
Microsoft Visual Studio Solution File, Format Version 12.00
# Visual Studio 15
Project("{FAE04EC0-301F-11D3-BF4B-00C04F79EFBC}") = "Xamarin.Stripe.Terminal.Forms.iOS", "Xamarin.Stripe.Terminal.Forms.iOS\Xamarin.Stripe.Terminal.Forms.iOS.csproj", "{95558003-41FE-40B8-A073-9A68248843F8}"
EndProject
Project("{FAE04EC0-301F-11D3-BF4B-00C04F79EFBC}") = "Xamarin.Stripe.Terminal.Forms.Android", "Xamarin.Stripe.Terminal.Forms.Android\Xamarin.Stripe.Terminal.Forms.Android.csproj", "{9885AA26-D175-4966-8BA0-AE0BC80D06B3}"
EndProject
Project("{5DD5E4FA-CB73-4610-85AB-557B54E96AA9}") = "Xamarin.Stripe.Terminal.Forms.NuGet", "Xamarin.Stripe.Terminal.Forms.NuGet\Xamarin.Stripe.Terminal.Forms.NuGet.nuproj", "{FE98F48D-CD3D-4C2D-B32A-F599464CE631}"
EndProject
Project("{FAE04EC0-301F-11D3-BF4B-00C04F79EFBC}") = "Xamarin.Stripe.Terminal.Forms.Core", "Xamarin.Stripe.Terminal.Forms.Core\Xamarin.Stripe.Terminal.Forms.Core.csproj", "{C9C9B09A-5E84-442D-A1D5-A7815CBA2F18}"
EndProject
Project("{FAE04EC0-301F-11D3-BF4B-00C04F79EFBC}") = "SampleStripeTerminal.Android", "SampleStripeTerminal.Android\SampleStripeTerminal.Android.csproj", "{141FE1E0-50E1-4AEE-B2E8-560952D94E58}"
EndProject
Project("{FAE04EC0-301F-11D3-BF4B-00C04F79EFBC}") = "SampleStripeTerminal.iOS", "SampleStripeTerminal.iOS\SampleStripeTerminal.iOS.csproj", "{8886227C-BEDD-4A3E-AE2A-F32A481AF656}"
EndProject
Project("{FAE04EC0-301F-11D3-BF4B-00C04F79EFBC}") = "SampleStripeTerminal", "SampleStripeTerminal\SampleStripeTerminal.csproj", "{64BDB06E-6BF4-4BDA-B6A5-C8D8F12BF9BA}"
EndProject
Global
	GlobalSection(SolutionConfigurationPlatforms) = preSolution
		Debug|Any CPU = Debug|Any CPU
		Release|Any CPU = Release|Any CPU
		Debug|iPhoneSimulator = Debug|iPhoneSimulator
		Release|iPhoneSimulator = Release|iPhoneSimulator
		Debug|iPhone = Debug|iPhone
		Release|iPhone = Release|iPhone
	EndGlobalSection
	GlobalSection(ProjectConfigurationPlatforms) = postSolution
		{95558003-41FE-40B8-A073-9A68248843F8}.Debug|Any CPU.ActiveCfg = Debug|Any CPU
		{95558003-41FE-40B8-A073-9A68248843F8}.Debug|Any CPU.Build.0 = Debug|Any CPU
		{95558003-41FE-40B8-A073-9A68248843F8}.Release|Any CPU.ActiveCfg = Release|Any CPU
		{95558003-41FE-40B8-A073-9A68248843F8}.Release|Any CPU.Build.0 = Release|Any CPU
		{95558003-41FE-40B8-A073-9A68248843F8}.Debug|iPhoneSimulator.ActiveCfg = Debug|Any CPU
		{95558003-41FE-40B8-A073-9A68248843F8}.Debug|iPhoneSimulator.Build.0 = Debug|Any CPU
		{95558003-41FE-40B8-A073-9A68248843F8}.Release|iPhoneSimulator.ActiveCfg = Release|Any CPU
		{95558003-41FE-40B8-A073-9A68248843F8}.Release|iPhoneSimulator.Build.0 = Release|Any CPU
		{95558003-41FE-40B8-A073-9A68248843F8}.Debug|iPhone.ActiveCfg = Debug|Any CPU
		{95558003-41FE-40B8-A073-9A68248843F8}.Debug|iPhone.Build.0 = Debug|Any CPU
		{95558003-41FE-40B8-A073-9A68248843F8}.Release|iPhone.ActiveCfg = Release|Any CPU
		{95558003-41FE-40B8-A073-9A68248843F8}.Release|iPhone.Build.0 = Release|Any CPU
		{9885AA26-D175-4966-8BA0-AE0BC80D06B3}.Debug|Any CPU.ActiveCfg = Debug|Any CPU
		{9885AA26-D175-4966-8BA0-AE0BC80D06B3}.Debug|Any CPU.Build.0 = Debug|Any CPU
		{9885AA26-D175-4966-8BA0-AE0BC80D06B3}.Release|Any CPU.ActiveCfg = Release|Any CPU
		{9885AA26-D175-4966-8BA0-AE0BC80D06B3}.Release|Any CPU.Build.0 = Release|Any CPU
		{9885AA26-D175-4966-8BA0-AE0BC80D06B3}.Debug|iPhoneSimulator.ActiveCfg = Debug|Any CPU
		{9885AA26-D175-4966-8BA0-AE0BC80D06B3}.Debug|iPhoneSimulator.Build.0 = Debug|Any CPU
		{9885AA26-D175-4966-8BA0-AE0BC80D06B3}.Release|iPhoneSimulator.ActiveCfg = Release|Any CPU
		{9885AA26-D175-4966-8BA0-AE0BC80D06B3}.Release|iPhoneSimulator.Build.0 = Release|Any CPU
		{9885AA26-D175-4966-8BA0-AE0BC80D06B3}.Debug|iPhone.ActiveCfg = Debug|Any CPU
		{9885AA26-D175-4966-8BA0-AE0BC80D06B3}.Debug|iPhone.Build.0 = Debug|Any CPU
		{9885AA26-D175-4966-8BA0-AE0BC80D06B3}.Release|iPhone.ActiveCfg = Release|Any CPU
		{9885AA26-D175-4966-8BA0-AE0BC80D06B3}.Release|iPhone.Build.0 = Release|Any CPU
		{FE98F48D-CD3D-4C2D-B32A-F599464CE631}.Debug|Any CPU.ActiveCfg = Debug|Any CPU
		{FE98F48D-CD3D-4C2D-B32A-F599464CE631}.Debug|Any CPU.Build.0 = Debug|Any CPU
		{FE98F48D-CD3D-4C2D-B32A-F599464CE631}.Release|Any CPU.ActiveCfg = Release|Any CPU
		{FE98F48D-CD3D-4C2D-B32A-F599464CE631}.Release|Any CPU.Build.0 = Release|Any CPU
		{FE98F48D-CD3D-4C2D-B32A-F599464CE631}.Debug|iPhoneSimulator.ActiveCfg = Debug|Any CPU
		{FE98F48D-CD3D-4C2D-B32A-F599464CE631}.Debug|iPhoneSimulator.Build.0 = Debug|Any CPU
		{FE98F48D-CD3D-4C2D-B32A-F599464CE631}.Release|iPhoneSimulator.ActiveCfg = Release|Any CPU
		{FE98F48D-CD3D-4C2D-B32A-F599464CE631}.Release|iPhoneSimulator.Build.0 = Release|Any CPU
		{FE98F48D-CD3D-4C2D-B32A-F599464CE631}.Debug|iPhone.ActiveCfg = Debug|Any CPU
		{FE98F48D-CD3D-4C2D-B32A-F599464CE631}.Debug|iPhone.Build.0 = Debug|Any CPU
		{FE98F48D-CD3D-4C2D-B32A-F599464CE631}.Release|iPhone.ActiveCfg = Release|Any CPU
		{FE98F48D-CD3D-4C2D-B32A-F599464CE631}.Release|iPhone.Build.0 = Release|Any CPU
		{C9C9B09A-5E84-442D-A1D5-A7815CBA2F18}.Debug|Any CPU.ActiveCfg = Debug|Any CPU
		{C9C9B09A-5E84-442D-A1D5-A7815CBA2F18}.Debug|Any CPU.Build.0 = Debug|Any CPU
		{C9C9B09A-5E84-442D-A1D5-A7815CBA2F18}.Release|Any CPU.ActiveCfg = Release|Any CPU
		{C9C9B09A-5E84-442D-A1D5-A7815CBA2F18}.Release|Any CPU.Build.0 = Release|Any CPU
		{C9C9B09A-5E84-442D-A1D5-A7815CBA2F18}.Debug|iPhoneSimulator.ActiveCfg = Debug|Any CPU
		{C9C9B09A-5E84-442D-A1D5-A7815CBA2F18}.Debug|iPhoneSimulator.Build.0 = Debug|Any CPU
		{C9C9B09A-5E84-442D-A1D5-A7815CBA2F18}.Release|iPhoneSimulator.ActiveCfg = Release|Any CPU
		{C9C9B09A-5E84-442D-A1D5-A7815CBA2F18}.Release|iPhoneSimulator.Build.0 = Release|Any CPU
		{C9C9B09A-5E84-442D-A1D5-A7815CBA2F18}.Debug|iPhone.ActiveCfg = Debug|Any CPU
		{C9C9B09A-5E84-442D-A1D5-A7815CBA2F18}.Debug|iPhone.Build.0 = Debug|Any CPU
		{C9C9B09A-5E84-442D-A1D5-A7815CBA2F18}.Release|iPhone.ActiveCfg = Release|Any CPU
		{C9C9B09A-5E84-442D-A1D5-A7815CBA2F18}.Release|iPhone.Build.0 = Release|Any CPU
		{141FE1E0-50E1-4AEE-B2E8-560952D94E58}.Debug|Any CPU.ActiveCfg = Debug|Any CPU
		{141FE1E0-50E1-4AEE-B2E8-560952D94E58}.Debug|Any CPU.Build.0 = Debug|Any CPU
		{141FE1E0-50E1-4AEE-B2E8-560952D94E58}.Release|Any CPU.ActiveCfg = Release|Any CPU
		{141FE1E0-50E1-4AEE-B2E8-560952D94E58}.Release|Any CPU.Build.0 = Release|Any CPU
		{141FE1E0-50E1-4AEE-B2E8-560952D94E58}.Debug|iPhoneSimulator.ActiveCfg = Debug|Any CPU
		{141FE1E0-50E1-4AEE-B2E8-560952D94E58}.Debug|iPhoneSimulator.Build.0 = Debug|Any CPU
		{141FE1E0-50E1-4AEE-B2E8-560952D94E58}.Release|iPhoneSimulator.ActiveCfg = Release|Any CPU
		{141FE1E0-50E1-4AEE-B2E8-560952D94E58}.Release|iPhoneSimulator.Build.0 = Release|Any CPU
		{141FE1E0-50E1-4AEE-B2E8-560952D94E58}.Debug|iPhone.ActiveCfg = Debug|Any CPU
		{141FE1E0-50E1-4AEE-B2E8-560952D94E58}.Debug|iPhone.Build.0 = Debug|Any CPU
		{141FE1E0-50E1-4AEE-B2E8-560952D94E58}.Release|iPhone.ActiveCfg = Release|Any CPU
		{141FE1E0-50E1-4AEE-B2E8-560952D94E58}.Release|iPhone.Build.0 = Release|Any CPU
		{8886227C-BEDD-4A3E-AE2A-F32A481AF656}.Debug|Any CPU.ActiveCfg = Debug|iPhoneSimulator
		{8886227C-BEDD-4A3E-AE2A-F32A481AF656}.Debug|Any CPU.Build.0 = Debug|iPhoneSimulator
		{8886227C-BEDD-4A3E-AE2A-F32A481AF656}.Release|Any CPU.ActiveCfg = Release|iPhoneSimulator
		{8886227C-BEDD-4A3E-AE2A-F32A481AF656}.Release|Any CPU.Build.0 = Release|iPhoneSimulator
		{8886227C-BEDD-4A3E-AE2A-F32A481AF656}.Debug|iPhoneSimulator.ActiveCfg = Debug|iPhoneSimulator
		{8886227C-BEDD-4A3E-AE2A-F32A481AF656}.Debug|iPhoneSimulator.Build.0 = Debug|iPhoneSimulator
		{8886227C-BEDD-4A3E-AE2A-F32A481AF656}.Release|iPhoneSimulator.ActiveCfg = Release|iPhoneSimulator
		{8886227C-BEDD-4A3E-AE2A-F32A481AF656}.Release|iPhoneSimulator.Build.0 = Release|iPhoneSimulator
		{8886227C-BEDD-4A3E-AE2A-F32A481AF656}.Debug|iPhone.ActiveCfg = Debug|iPhone
		{8886227C-BEDD-4A3E-AE2A-F32A481AF656}.Debug|iPhone.Build.0 = Debug|iPhone
		{8886227C-BEDD-4A3E-AE2A-F32A481AF656}.Release|iPhone.ActiveCfg = Release|iPhone
		{8886227C-BEDD-4A3E-AE2A-F32A481AF656}.Release|iPhone.Build.0 = Release|iPhone
		{64BDB06E-6BF4-4BDA-B6A5-C8D8F12BF9BA}.Debug|Any CPU.ActiveCfg = Debug|Any CPU
		{64BDB06E-6BF4-4BDA-B6A5-C8D8F12BF9BA}.Debug|Any CPU.Build.0 = Debug|Any CPU
		{64BDB06E-6BF4-4BDA-B6A5-C8D8F12BF9BA}.Release|Any CPU.ActiveCfg = Release|Any CPU
		{64BDB06E-6BF4-4BDA-B6A5-C8D8F12BF9BA}.Release|Any CPU.Build.0 = Release|Any CPU
		{64BDB06E-6BF4-4BDA-B6A5-C8D8F12BF9BA}.Debug|iPhoneSimulator.ActiveCfg = Debug|Any CPU
		{64BDB06E-6BF4-4BDA-B6A5-C8D8F12BF9BA}.Debug|iPhoneSimulator.Build.0 = Debug|Any CPU
		{64BDB06E-6BF4-4BDA-B6A5-C8D8F12BF9BA}.Release|iPhoneSimulator.ActiveCfg = Release|Any CPU
		{64BDB06E-6BF4-4BDA-B6A5-C8D8F12BF9BA}.Release|iPhoneSimulator.Build.0 = Release|Any CPU
		{64BDB06E-6BF4-4BDA-B6A5-C8D8F12BF9BA}.Debug|iPhone.ActiveCfg = Debug|Any CPU
		{64BDB06E-6BF4-4BDA-B6A5-C8D8F12BF9BA}.Debug|iPhone.Build.0 = Debug|Any CPU
		{64BDB06E-6BF4-4BDA-B6A5-C8D8F12BF9BA}.Release|iPhone.ActiveCfg = Release|Any CPU
		{64BDB06E-6BF4-4BDA-B6A5-C8D8F12BF9BA}.Release|iPhone.Build.0 = Release|Any CPU
	EndGlobalSection
EndGlobal
