
Microsoft Visual Studio Solution File, Format Version 12.00
# Visual Studio 15
Project("{FAE04EC0-301F-11D3-BF4B-00C04F79EFBC}") = "Xamarin.Stripe.Terminal.Forms.iOS", "Xamarin.Stripe.Terminal.Forms.iOS\Xamarin.Stripe.Terminal.Forms.iOS.csproj", "{95558003-41FE-40B8-A073-9A68248843F8}"
EndProject
Project("{FAE04EC0-301F-11D3-BF4B-00C04F79EFBC}") = "Xamarin.Stripe.Terminal.Forms.Android", "Xamarin.Stripe.Terminal.Forms.Android\Xamarin.Stripe.Terminal.Forms.Android.csproj", "{9885AA26-D175-4966-8BA0-AE0BC80D06B3}"
EndProject
Project("{5DD5E4FA-CB73-4610-85AB-557B54E96AA9}") = "Xamarin.Stripe.Terminal.Forms.NuGet", "Xamarin.Stripe.Terminal.Forms.NuGet\Xamarin.Stripe.Terminal.Forms.NuGet.nuproj", "{FE98F48D-CD3D-4C2D-B32A-F599464CE631}"
EndProject
Project("{FAE04EC0-301F-11D3-BF4B-00C04F79EFBC}") = "Xamarin.Stripe.Terminal.Forms.Core", "Xamarin.Stripe.Terminal.Forms.Core\Xamarin.Stripe.Terminal.Forms.Core.csproj", "{C9C9B09A-5E84-442D-A1D5-A7815CBA2F18}"
EndProject
Global
	GlobalSection(SolutionConfigurationPlatforms) = preSolution
		Debug|Any CPU = Debug|Any CPU
		Release|Any CPU = Release|Any CPU
	EndGlobalSection
	GlobalSection(ProjectConfigurationPlatforms) = postSolution
		{95558003-41FE-40B8-A073-9A68248843F8}.Debug|Any CPU.ActiveCfg = Debug|Any CPU
		{95558003-41FE-40B8-A073-9A68248843F8}.Debug|Any CPU.Build.0 = Debug|Any CPU
		{95558003-41FE-40B8-A073-9A68248843F8}.Release|Any CPU.ActiveCfg = Release|Any CPU
		{95558003-41FE-40B8-A073-9A68248843F8}.Release|Any CPU.Build.0 = Release|Any CPU
		{9885AA26-D175-4966-8BA0-AE0BC80D06B3}.Debug|Any CPU.ActiveCfg = Debug|Any CPU
		{9885AA26-D175-4966-8BA0-AE0BC80D06B3}.Debug|Any CPU.Build.0 = Debug|Any CPU
		{9885AA26-D175-4966-8BA0-AE0BC80D06B3}.Release|Any CPU.ActiveCfg = Release|Any CPU
		{9885AA26-D175-4966-8BA0-AE0BC80D06B3}.Release|Any CPU.Build.0 = Release|Any CPU
		{FE98F48D-CD3D-4C2D-B32A-F599464CE631}.Debug|Any CPU.ActiveCfg = Debug|Any CPU
		{FE98F48D-CD3D-4C2D-B32A-F599464CE631}.Debug|Any CPU.Build.0 = Debug|Any CPU
		{FE98F48D-CD3D-4C2D-B32A-F599464CE631}.Release|Any CPU.ActiveCfg = Release|Any CPU
		{FE98F48D-CD3D-4C2D-B32A-F599464CE631}.Release|Any CPU.Build.0 = Release|Any CPU
		{C9C9B09A-5E84-442D-A1D5-A7815CBA2F18}.Debug|Any CPU.ActiveCfg = Debug|Any CPU
		{C9C9B09A-5E84-442D-A1D5-A7815CBA2F18}.Debug|Any CPU.Build.0 = Debug|Any CPU
		{C9C9B09A-5E84-442D-A1D5-A7815CBA2F18}.Release|Any CPU.ActiveCfg = Release|Any CPU
		{C9C9B09A-5E84-442D-A1D5-A7815CBA2F18}.Release|Any CPU.Build.0 = Release|Any CPU
	EndGlobalSection
EndGlobal
